schema: '2.0'
stages:
  collect_data:
    cmd: python src/main.py
    deps:
    - path: src/main.py
      hash: md5
      md5: e94b787804a2a24adbaac5bd3f4f4647
      size: 4965
    - path: src/yahoo_finance_collector.py
      hash: md5
      md5: 2c9ceb98ddb1f03613630bc980f09044
      size: 4299
    outs:
    - path: data/
      hash: md5
      md5: 6146517df862c9b6aa14bd7d52324948.dir
      size: 483546
      nfiles: 21
