schema: '2.0'
stages:
  collect_data:
    cmd: python src/main.py
    deps:
    - path: src/data_preprocessing_module.py
      hash: md5
      md5: 01caf3e0cf59e35128922a752271be16
      size: 7935
    - path: src/data_validator.py
      hash: md5
      md5: eb9df98d4ec0c8164824da0b1f4da23b
      size: 7954
    - path: src/main.py
      hash: md5
      md5: 8517d18fb8100b8dbefcedf00f4704f8
      size: 9510
    - path: src/yahoo_finance_collector.py
      hash: md5
      md5: 2c9ceb98ddb1f03613630bc980f09044
      size: 4299
    outs:
    - path: data/processed
      hash: md5
      md5: b704b69f39a6285dc2186ab69a38384c.dir
      size: 1076539
      nfiles: 63
    - path: data/raw
      hash: md5
      md5: 5a0936f0bfda75daac6a532c1979f0a5.dir
      size: 1450580
      nfiles: 63
    - path: data/validation
      hash: md5
      md5: d9734a7a6faa45c9a2843172eecb7398.dir
      size: 722978
      nfiles: 63
